schema: '2.0'
stages:
  data_preparation:
    cmd: python data_preparation.py -id data/raw -od data/prepared
    deps:
    - path: data/raw
      hash: md5
      md5: 9e6fe19947a8b0bbe698f71ecdb96880.dir
      size: 1330119
      nfiles: 7
    - path: data_preparation.py
      hash: md5
      md5: 613664f30c0c6f048e3386155e6e87f0
      size: 17339
    params:
      params.yaml:
        data_preparation:
          train_test_ratio: 0.7
          train_val_ratio: 0.9
          random_state: 67
    outs:
    - path: data/prepared
      hash: md5
      md5: 7ecfa8988994fcea85d926af86077089.dir
      size: 508958
      nfiles: 8
  linear_regression:
    cmd: python lin_regression.py -id data/prepared -od data/models -mn LinearRegression
    deps:
    - path: data/prepared
      hash: md5
      md5: 7ecfa8988994fcea85d926af86077089.dir
      size: 508958
      nfiles: 8
    - path: lin_regression.py
      hash: md5
      md5: 03a8f16fb34c341d9c12d2089a877668
      size: 2798
    params:
      params.yaml:
        linear_regression:
          model_name: LinearRegression
    outs:
    - path: data/models/LinearRegression.csv
      hash: md5
      md5: 101f206bcea710ef7889e0a12e0c6dcb
      size: 216
    - path: data/models/LinearRegression.joblib
      hash: md5
      md5: 17d9b349d73ecf2e4de129a79c2be01f
      size: 1087
  linear_regression_validation:
    cmd: python linear_regression_validation.py -id data/prepared/ -im data/models/LinearRegression.joblib
      -mn LinearRegression
    deps:
    - path: data/models/LinearRegression.joblib
      hash: md5
      md5: 17d9b349d73ecf2e4de129a79c2be01f
      size: 1087
    - path: data/prepared/
      hash: md5
      md5: 7ecfa8988994fcea85d926af86077089.dir
      size: 508958
      nfiles: 8
    - path: linear_regression_validation.py
      hash: md5
      md5: dbabd5370a3fc95ae3264a18807f6977
      size: 2015
    params:
      params.yaml:
        linear_regression:
          model_name: LinearRegression
  linear_regression_prod_version:
    cmd: python lin_regression_full.py -id data/prepared/ -od data/models/ -mn LinearRegression
    deps:
    - path: data/models/LinearRegression.joblib
      hash: md5
      md5: 17d9b349d73ecf2e4de129a79c2be01f
      size: 1087
    - path: data/prepared
      hash: md5
      md5: 7ecfa8988994fcea85d926af86077089.dir
      size: 508958
      nfiles: 8
    - path: lin_regression_full.py
      hash: md5
      md5: 6f159a5f34e897c460f03db9ee6d7927
      size: 2074
    params:
      params.yaml:
        linear_regression:
          model_name: LinearRegression
    outs:
    - path: data/models/LinearRegression_prod.csv
      hash: md5
      md5: 1a76746794fd042566a171206a2f8bbd
      size: 219
    - path: data/models/LinearRegression_prod.joblib
      hash: md5
      md5: c9d461da33d62b21ca7889273c9af486
      size: 1087
  decision_tree@DecisionTree:
    cmd: python decision_tree.py -id data/prepared -od data/models -bm data/models/LinearRegression_prod.joblib
      -mn DecisionTree -p params.yaml
    deps:
    - path: data/models/LinearRegression_prod.joblib
      hash: md5
      md5: c9d461da33d62b21ca7889273c9af486
      size: 1087
    - path: data/prepared
      hash: md5
      md5: 7ecfa8988994fcea85d926af86077089.dir
      size: 508958
      nfiles: 8
    - path: decision_tree.py
      hash: md5
      md5: eb8ccf1bc1078b3239129a1d498714a5
      size: 3554
    params:
      params.yaml:
        decision_tree:
          DecisionTree:
            max_depth:
            - 3
            - 4
            - 5
            - 6
            - 7
            splitter:
            - best
            - random
            min_samples_split:
            - 2
            - 3
            - 4
            min_samples_leaf:
            - 1
            - 2
            - 3
            - 4
          RandomForest:
            n_estimators:
            - 1
            - 2
            - 5
            - 10
            - 15
            max_depth:
            - 3
            - 4
            - 5
            - 6
            - 7
            min_samples_split:
            - 2
            - 3
            - 4
            - 6
            - 7
            min_samples_leaf:
            - 1
            - 2
            - 3
            - 4
          ExtraTree:
            n_estimators:
            - 1
            - 2
            - 5
            - 10
            - 15
            max_depth:
            - 3
            - 4
            - 5
            - 6
            - 7
            min_samples_split:
            - 2
            - 3
            - 4
            - 10
            - 15
            min_samples_leaf:
            - 1
            - 2
            - 3
            - 4
            - 18
            - 48
    outs:
    - path: data/models/DecisionTree.joblib
      hash: md5
      md5: e07f5c82e9b18617c7a611b950b2ca16
      size: 36383
  decision_tree@RandomForest:
    cmd: python decision_tree.py -id data/prepared -od data/models -bm data/models/LinearRegression_prod.joblib
      -mn RandomForest -p params.yaml
    deps:
    - path: data/models/LinearRegression_prod.joblib
      hash: md5
      md5: c9d461da33d62b21ca7889273c9af486
      size: 1087
    - path: data/prepared
      hash: md5
      md5: 7ecfa8988994fcea85d926af86077089.dir
      size: 508958
      nfiles: 8
    - path: decision_tree.py
      hash: md5
      md5: eb8ccf1bc1078b3239129a1d498714a5
      size: 3554
    params:
      params.yaml:
        decision_tree:
          DecisionTree:
            max_depth:
            - 3
            - 4
            - 5
            - 6
            - 7
            splitter:
            - best
            - random
            min_samples_split:
            - 2
            - 3
            - 4
            min_samples_leaf:
            - 1
            - 2
            - 3
            - 4
          RandomForest:
            n_estimators:
            - 1
            - 2
            - 5
            - 10
            - 15
            max_depth:
            - 3
            - 4
            - 5
            - 6
            - 7
            min_samples_split:
            - 2
            - 3
            - 4
            - 6
            - 7
            min_samples_leaf:
            - 1
            - 2
            - 3
            - 4
          ExtraTree:
            n_estimators:
            - 1
            - 2
            - 5
            - 10
            - 15
            max_depth:
            - 3
            - 4
            - 5
            - 6
            - 7
            min_samples_split:
            - 2
            - 3
            - 4
            - 10
            - 15
            min_samples_leaf:
            - 1
            - 2
            - 3
            - 4
            - 18
            - 48
    outs:
    - path: data/models/RandomForest.joblib
      hash: md5
      md5: 1aa5e7cc780b55b81b60e22552e6c74e
      size: 279919
  decision_tree@ExtraTree:
    cmd: python decision_tree.py -id data/prepared -od data/models -bm data/models/LinearRegression_prod.joblib
      -mn ExtraTree -p params.yaml
    deps:
    - path: data/models/LinearRegression_prod.joblib
      hash: md5
      md5: c9d461da33d62b21ca7889273c9af486
      size: 1087
    - path: data/prepared
      hash: md5
      md5: 7ecfa8988994fcea85d926af86077089.dir
      size: 508958
      nfiles: 8
    - path: decision_tree.py
      hash: md5
      md5: eb8ccf1bc1078b3239129a1d498714a5
      size: 3554
    params:
      params.yaml:
        decision_tree:
          DecisionTree:
            max_depth:
            - 3
            - 4
            - 5
            - 6
            - 7
            splitter:
            - best
            - random
            min_samples_split:
            - 2
            - 3
            - 4
            min_samples_leaf:
            - 1
            - 2
            - 3
            - 4
          RandomForest:
            n_estimators:
            - 1
            - 2
            - 5
            - 10
            - 15
            max_depth:
            - 3
            - 4
            - 5
            - 6
            - 7
            min_samples_split:
            - 2
            - 3
            - 4
            - 6
            - 7
            min_samples_leaf:
            - 1
            - 2
            - 3
            - 4
          ExtraTree:
            n_estimators:
            - 1
            - 2
            - 5
            - 10
            - 15
            max_depth:
            - 3
            - 4
            - 5
            - 6
            - 7
            min_samples_split:
            - 2
            - 3
            - 4
            - 10
            - 15
            min_samples_leaf:
            - 1
            - 2
            - 3
            - 4
            - 18
            - 48
    outs:
    - path: data/models/ExtraTree.joblib
      hash: md5
      md5: 1d3cd08aa069f6f37180b13f3ba964bf
      size: 255575
  decision_tree_validation@DecisionTree:
    cmd: python decision_tree_validation.py -id data/prepared/ -im data/models/DecisionTree.joblib
      -bm data/models/LinearRegression_prod.joblib -mn DecisionTree
    deps:
    - path: data/models/DecisionTree.joblib
      hash: md5
      md5: e07f5c82e9b18617c7a611b950b2ca16
      size: 36383
    - path: data/models/LinearRegression_prod.joblib
      hash: md5
      md5: c9d461da33d62b21ca7889273c9af486
      size: 1087
    - path: data/prepared/
      hash: md5
      md5: 7ecfa8988994fcea85d926af86077089.dir
      size: 508958
      nfiles: 8
    - path: decision_tree_validation.py
      hash: md5
      md5: a24a5df9903b5e959b2567bff3ba11a3
      size: 2196
    params:
      params.yaml:
        decision_tree:
          DecisionTree:
            max_depth:
            - 3
            - 4
            - 5
            - 6
            - 7
            splitter:
            - best
            - random
            min_samples_split:
            - 2
            - 3
            - 4
            min_samples_leaf:
            - 1
            - 2
            - 3
            - 4
          RandomForest:
            n_estimators:
            - 1
            - 2
            - 5
            - 10
            - 15
            max_depth:
            - 3
            - 4
            - 5
            - 6
            - 7
            min_samples_split:
            - 2
            - 3
            - 4
            - 6
            - 7
            min_samples_leaf:
            - 1
            - 2
            - 3
            - 4
          ExtraTree:
            n_estimators:
            - 1
            - 2
            - 5
            - 10
            - 15
            max_depth:
            - 3
            - 4
            - 5
            - 6
            - 7
            min_samples_split:
            - 2
            - 3
            - 4
            - 10
            - 15
            min_samples_leaf:
            - 1
            - 2
            - 3
            - 4
            - 18
            - 48
  decision_tree_validation@RandomForest:
    cmd: python decision_tree_validation.py -id data/prepared/ -im data/models/RandomForest.joblib
      -bm data/models/LinearRegression_prod.joblib -mn RandomForest
    deps:
    - path: data/models/LinearRegression_prod.joblib
      hash: md5
      md5: c9d461da33d62b21ca7889273c9af486
      size: 1087
    - path: data/models/RandomForest.joblib
      hash: md5
      md5: 1aa5e7cc780b55b81b60e22552e6c74e
      size: 279919
    - path: data/prepared/
      hash: md5
      md5: 7ecfa8988994fcea85d926af86077089.dir
      size: 508958
      nfiles: 8
    - path: decision_tree_validation.py
      hash: md5
      md5: a24a5df9903b5e959b2567bff3ba11a3
      size: 2196
    params:
      params.yaml:
        decision_tree:
          DecisionTree:
            max_depth:
            - 3
            - 4
            - 5
            - 6
            - 7
            splitter:
            - best
            - random
            min_samples_split:
            - 2
            - 3
            - 4
            min_samples_leaf:
            - 1
            - 2
            - 3
            - 4
          RandomForest:
            n_estimators:
            - 1
            - 2
            - 5
            - 10
            - 15
            max_depth:
            - 3
            - 4
            - 5
            - 6
            - 7
            min_samples_split:
            - 2
            - 3
            - 4
            - 6
            - 7
            min_samples_leaf:
            - 1
            - 2
            - 3
            - 4
          ExtraTree:
            n_estimators:
            - 1
            - 2
            - 5
            - 10
            - 15
            max_depth:
            - 3
            - 4
            - 5
            - 6
            - 7
            min_samples_split:
            - 2
            - 3
            - 4
            - 10
            - 15
            min_samples_leaf:
            - 1
            - 2
            - 3
            - 4
            - 18
            - 48
  decision_tree_validation@ExtraTree:
    cmd: python decision_tree_validation.py -id data/prepared/ -im data/models/ExtraTree.joblib
      -bm data/models/LinearRegression_prod.joblib -mn ExtraTree
    deps:
    - path: data/models/ExtraTree.joblib
      hash: md5
      md5: 1d3cd08aa069f6f37180b13f3ba964bf
      size: 255575
    - path: data/models/LinearRegression_prod.joblib
      hash: md5
      md5: c9d461da33d62b21ca7889273c9af486
      size: 1087
    - path: data/prepared/
      hash: md5
      md5: 7ecfa8988994fcea85d926af86077089.dir
      size: 508958
      nfiles: 8
    - path: decision_tree_validation.py
      hash: md5
      md5: a24a5df9903b5e959b2567bff3ba11a3
      size: 2196
    params:
      params.yaml:
        decision_tree:
          DecisionTree:
            max_depth:
            - 3
            - 4
            - 5
            - 6
            - 7
            splitter:
            - best
            - random
            min_samples_split:
            - 2
            - 3
            - 4
            min_samples_leaf:
            - 1
            - 2
            - 3
            - 4
          RandomForest:
            n_estimators:
            - 1
            - 2
            - 5
            - 10
            - 15
            max_depth:
            - 3
            - 4
            - 5
            - 6
            - 7
            min_samples_split:
            - 2
            - 3
            - 4
            - 6
            - 7
            min_samples_leaf:
            - 1
            - 2
            - 3
            - 4
          ExtraTree:
            n_estimators:
            - 1
            - 2
            - 5
            - 10
            - 15
            max_depth:
            - 3
            - 4
            - 5
            - 6
            - 7
            min_samples_split:
            - 2
            - 3
            - 4
            - 10
            - 15
            min_samples_leaf:
            - 1
            - 2
            - 3
            - 4
            - 18
            - 48
  decision_tree_prod_version@DecisionTree:
    cmd: python decision_tree_full.py -id data/prepared/ -od data/models/ -mn DecisionTree
    deps:
    - path: data/models/DecisionTree.joblib
      hash: md5
      md5: e07f5c82e9b18617c7a611b950b2ca16
      size: 36383
    - path: data/prepared
      hash: md5
      md5: 7ecfa8988994fcea85d926af86077089.dir
      size: 508958
      nfiles: 8
    - path: decision_tree_full.py
      hash: md5
      md5: 96df717a1dbcc008a43073f6432d094e
      size: 2758
    params:
      params.yaml:
        decision_tree:
          DecisionTree:
            max_depth:
            - 3
            - 4
            - 5
            - 6
            - 7
            splitter:
            - best
            - random
            min_samples_split:
            - 2
            - 3
            - 4
            min_samples_leaf:
            - 1
            - 2
            - 3
            - 4
          RandomForest:
            n_estimators:
            - 1
            - 2
            - 5
            - 10
            - 15
            max_depth:
            - 3
            - 4
            - 5
            - 6
            - 7
            min_samples_split:
            - 2
            - 3
            - 4
            - 6
            - 7
            min_samples_leaf:
            - 1
            - 2
            - 3
            - 4
          ExtraTree:
            n_estimators:
            - 1
            - 2
            - 5
            - 10
            - 15
            max_depth:
            - 3
            - 4
            - 5
            - 6
            - 7
            min_samples_split:
            - 2
            - 3
            - 4
            - 10
            - 15
            min_samples_leaf:
            - 1
            - 2
            - 3
            - 4
            - 18
            - 48
    outs:
    - path: data/models/DecisionTree_prod.joblib
      hash: md5
      md5: ffdae4aebbf377fa14bce71dcd1d851e
      size: 17457
  decision_tree_prod_version@RandomForest:
    cmd: python decision_tree_full.py -id data/prepared/ -od data/models/ -mn RandomForest
    deps:
    - path: data/models/RandomForest.joblib
      hash: md5
      md5: 1aa5e7cc780b55b81b60e22552e6c74e
      size: 279919
    - path: data/prepared
      hash: md5
      md5: 7ecfa8988994fcea85d926af86077089.dir
      size: 508958
      nfiles: 8
    - path: decision_tree_full.py
      hash: md5
      md5: 96df717a1dbcc008a43073f6432d094e
      size: 2758
    params:
      params.yaml:
        decision_tree:
          DecisionTree:
            max_depth:
            - 3
            - 4
            - 5
            - 6
            - 7
            splitter:
            - best
            - random
            min_samples_split:
            - 2
            - 3
            - 4
            min_samples_leaf:
            - 1
            - 2
            - 3
            - 4
          RandomForest:
            n_estimators:
            - 1
            - 2
            - 5
            - 10
            - 15
            max_depth:
            - 3
            - 4
            - 5
            - 6
            - 7
            min_samples_split:
            - 2
            - 3
            - 4
            - 6
            - 7
            min_samples_leaf:
            - 1
            - 2
            - 3
            - 4
          ExtraTree:
            n_estimators:
            - 1
            - 2
            - 5
            - 10
            - 15
            max_depth:
            - 3
            - 4
            - 5
            - 6
            - 7
            min_samples_split:
            - 2
            - 3
            - 4
            - 10
            - 15
            min_samples_leaf:
            - 1
            - 2
            - 3
            - 4
            - 18
            - 48
    outs:
    - path: data/models/RandomForest_prod.joblib
      hash: md5
      md5: 7cbeb9b0be6fad933c939bceab51cd2a
      size: 247073
  decision_tree_prod_version@ExtraTree:
    cmd: python decision_tree_full.py -id data/prepared/ -od data/models/ -mn ExtraTree
    deps:
    - path: data/models/ExtraTree.joblib
      hash: md5
      md5: 1d3cd08aa069f6f37180b13f3ba964bf
      size: 255575
    - path: data/prepared
      hash: md5
      md5: 7ecfa8988994fcea85d926af86077089.dir
      size: 508958
      nfiles: 8
    - path: decision_tree_full.py
      hash: md5
      md5: 96df717a1dbcc008a43073f6432d094e
      size: 2758
    params:
      params.yaml:
        decision_tree:
          DecisionTree:
            max_depth:
            - 3
            - 4
            - 5
            - 6
            - 7
            splitter:
            - best
            - random
            min_samples_split:
            - 2
            - 3
            - 4
            min_samples_leaf:
            - 1
            - 2
            - 3
            - 4
          RandomForest:
            n_estimators:
            - 1
            - 2
            - 5
            - 10
            - 15
            max_depth:
            - 3
            - 4
            - 5
            - 6
            - 7
            min_samples_split:
            - 2
            - 3
            - 4
            - 6
            - 7
            min_samples_leaf:
            - 1
            - 2
            - 3
            - 4
          ExtraTree:
            n_estimators:
            - 1
            - 2
            - 5
            - 10
            - 15
            max_depth:
            - 3
            - 4
            - 5
            - 6
            - 7
            min_samples_split:
            - 2
            - 3
            - 4
            - 10
            - 15
            min_samples_leaf:
            - 1
            - 2
            - 3
            - 4
            - 18
            - 48
    outs:
    - path: data/models/ExtraTree_prod.joblib
      hash: md5
      md5: 688e4e67436adfa2a16918bbd0fcef24
      size: 250673
  cat_boosting:
    cmd: python cat_boost.py -id data/prepared/ -od data/models -bm data/models/LinearRegression_prod.joblib
      -mn CatBoostRegressor
    deps:
    - path: cat_boost.py
      hash: md5
      md5: 7170343b29db97c9a5f262355a754718
      size: 3663
    - path: data/prepared
      hash: md5
      md5: d9416719ab43785af90ae8f057ce686f.dir
      size: 324604
      nfiles: 8
    params:
      params.yaml:
        cat_boosting:
          model_name: CatBoostRegressor
    outs:
    - path: data/models/CatBoostRegressor.joblib
      hash: md5
      md5: 215577be72a32267abebce6967b7536b
      size: 1103807
  cat_boost:
    cmd: python cat_boost.py -id data/prepared/ -od data/models -bm data/models/LinearRegression_prod.joblib
      -mn CatBoostRegressor
    deps:
    - path: cat_boost.py
      hash: md5
      md5: 8bc67eacb379ae06eac8480644f84c8e
      size: 3977
    - path: data/prepared
      hash: md5
      md5: 7ecfa8988994fcea85d926af86077089.dir
      size: 508958
      nfiles: 8
    params:
      params.yaml:
        cat_boost:
          model_name: CatBoostRegressor
          CatBoostRegressor:
            depth:
            - 4
            - 6
            - 8
            learning_rate:
            - 0.01
            - 0.05
            - 0.1
            iterations:
            - 30
            - 50
            - 100
            - 200
    outs:
    - path: data/models/CatBoostRegressor.joblib
      hash: md5
      md5: 498d01c190a7f9bdb83d10198ca26a4d
      size: 227846
  cat_boost_validation:
    cmd: python cat_boost_validation.py -id data/prepared/ -im data/models/CatBoostRegressor.joblib
      -bm data/models/LinearRegression_prod.joblib -mn CatBoostRegressor
    deps:
    - path: cat_boost_validation.py
      hash: md5
      md5: cd67ed4a11c8b62fd5d678c603f03f7e
      size: 1938
    - path: data/models/CatBoostRegressor.joblib
      hash: md5
      md5: 498d01c190a7f9bdb83d10198ca26a4d
      size: 227846
    - path: data/models/LinearRegression_prod.joblib
      hash: md5
      md5: c9d461da33d62b21ca7889273c9af486
      size: 1087
    - path: data/prepared/
      hash: md5
      md5: 7ecfa8988994fcea85d926af86077089.dir
      size: 508958
      nfiles: 8
    params:
      params.yaml:
        cat_boost:
          model_name: CatBoostRegressor
          CatBoostRegressor:
            depth:
            - 4
            - 6
            - 8
            learning_rate:
            - 0.01
            - 0.05
            - 0.1
            iterations:
            - 30
            - 50
            - 100
            - 200
  cat_boost_prod_version:
    cmd: python cat_boost_full.py -id data/prepared/ -od data/models/ -mn CatBoostRegressor
    deps:
    - path: cat_boost_full.py
      hash: md5
      md5: 8933fa9f421fce220a483e0c0be36f1d
      size: 2758
    - path: data/models/CatBoostRegressor.joblib
      hash: md5
      md5: 498d01c190a7f9bdb83d10198ca26a4d
      size: 227846
    - path: data/prepared
      hash: md5
      md5: 7ecfa8988994fcea85d926af86077089.dir
      size: 508958
      nfiles: 8
    params:
      params.yaml:
        cat_boost:
          model_name: CatBoostRegressor
          CatBoostRegressor:
            depth:
            - 4
            - 6
            - 8
            learning_rate:
            - 0.01
            - 0.05
            - 0.1
            iterations:
            - 30
            - 50
            - 100
            - 200
    outs:
    - path: data/models/CatBoostRegressor_prod.joblib
      hash: md5
      md5: 9857e85bdab01f2c76b124f7ff259c63
      size: 227825
  neural_net:
    cmd: python neural_net.py -id data/prepared/ -od data/models -bm data/models/LinearRegression_prod.joblib
      -mn NeuralNet
    deps:
    - path: data/prepared
      hash: md5
      md5: 7ecfa8988994fcea85d926af86077089.dir
      size: 508958
      nfiles: 8
    - path: neural_net.py
      hash: md5
      md5: 313b6e50f100f0e9a058f81cb0492d7b
      size: 9529
    params:
      params.yaml:
        neural_net:
          model_name: NeuralNet
          NeuralNet:
            NEURONS_CNT: 8
            BATCH_SIZE: 64
            BUFFER_SIZE: 256
            LEARNING_RATE: 0.002
            EPOCHS: 2000
    outs:
    - path: data/models/NeuralNet.keras
      hash: md5
      md5: d0f8d407c28185413ba419ef903382bb
      size: 18445
  neural_net_validation:
    cmd: python neural_net_validation.py -id data/prepared/ -im data/models/NeuralNet.keras
      -bm data/models/LinearRegression_prod.joblib -mn NeuralNet
    deps:
    - path: data/models/LinearRegression_prod.joblib
      hash: md5
      md5: c9d461da33d62b21ca7889273c9af486
      size: 1087
    - path: data/models/NeuralNet.keras
      hash: md5
      md5: d0f8d407c28185413ba419ef903382bb
      size: 18445
    - path: data/prepared/
      hash: md5
      md5: 7ecfa8988994fcea85d926af86077089.dir
      size: 508958
      nfiles: 8
    - path: neural_net_validation.py
      hash: md5
      md5: aa7a9973e52c3d44d877351e0eb36bdd
      size: 4847
    params:
      params.yaml:
        neural_net:
          model_name: NeuralNet
          NeuralNet:
            NEURONS_CNT: 8
            BATCH_SIZE: 64
            BUFFER_SIZE: 256
            LEARNING_RATE: 0.002
            EPOCHS: 2000
  neural_net_prod_version:
    cmd: python neural_net_full.py -id data/prepared/ -od data/models/ -mn NeuralNet
    deps:
    - path: data/models/NeuralNet.keras
      hash: md5
      md5: 44a6e1aa8b7d19e13b97c9d6a4f6b570
      size: 18445
    - path: data/prepared
      hash: md5
      md5: 7ecfa8988994fcea85d926af86077089.dir
      size: 508958
      nfiles: 8
    - path: neural_net_full.py
      hash: md5
      md5: 15208c69063a48b3c33b3429502cb558
      size: 7692
    params:
      params.yaml:
        neural_net:
          model_name: NeuralNet
          NeuralNet:
            NEURONS_CNT: 8
            BATCH_SIZE: 64
            BUFFER_SIZE: 256
            LEARNING_RATE: 0.002
            EPOCHS: 2000
    outs:
    - path: data/models/NeuralNet_prod.keras
      hash: md5
      md5: 425b175874d3487229a36a5631c6df94
      size: 37038
