schema: '2.0'
stages:
  data_preparation:
    cmd: python data_preparation.py -id data/raw -od data/prepared
    deps:
    - path: data/raw
      hash: md5
      md5: 9e6fe19947a8b0bbe698f71ecdb96880.dir
      size: 1330119
      nfiles: 7
    - path: data_preparation.py
      hash: md5
      md5: f596acfef2742336e39523ff43f742ef
      size: 20142
    params:
      params.yaml:
        data_preparation:
          train_test_ratio: 0.7
          train_val_ratio: 0.9
          random_state: 67
    outs:
    - path: data/prepared
      hash: md5
      md5: 11f52c2cc3d154192a2e8bd54410e1eb.dir
      size: 1438110
      nfiles: 8
  linear_regression:
    cmd: python lin_regression.py -id data/prepared -od data/models -mn LinearRegression
    deps:
    - path: data/prepared
      hash: md5
      md5: 11f52c2cc3d154192a2e8bd54410e1eb.dir
      size: 1438110
      nfiles: 8
    - path: lin_regression.py
      hash: md5
      md5: 03a8f16fb34c341d9c12d2089a877668
      size: 2798
    params:
      params.yaml:
        linear_regression:
          model_name: LinearRegression
    outs:
    - path: data/models/LinearRegression.csv
      hash: md5
      md5: ad512adbb257b33fe75577bf2bcf94fb
      size: 311
    - path: data/models/LinearRegression.joblib
      hash: md5
      md5: 1c96948ed4ebb0fac6e150e1c98a9116
      size: 1215
  linear_regression_validation:
    cmd: python linear_regression_validation.py -id data/prepared/ -im data/models/LinearRegression.joblib
      -mn LinearRegression
    deps:
    - path: data/models/LinearRegression.joblib
      hash: md5
      md5: 1c96948ed4ebb0fac6e150e1c98a9116
      size: 1215
    - path: data/prepared/
      hash: md5
      md5: 11f52c2cc3d154192a2e8bd54410e1eb.dir
      size: 1438110
      nfiles: 8
    - path: linear_regression_validation.py
      hash: md5
      md5: dbabd5370a3fc95ae3264a18807f6977
      size: 2015
    params:
      params.yaml:
        linear_regression:
          model_name: LinearRegression
  linear_regression_prod_version:
    cmd: python lin_regression_full.py -id data/prepared/ -od data/models/ -mn LinearRegression
    deps:
    - path: data/models/LinearRegression.joblib
      hash: md5
      md5: 1c96948ed4ebb0fac6e150e1c98a9116
      size: 1215
    - path: data/prepared
      hash: md5
      md5: 11f52c2cc3d154192a2e8bd54410e1eb.dir
      size: 1438110
      nfiles: 8
    - path: lin_regression_full.py
      hash: md5
      md5: 7f6e141c61c2c38cb932a599549e7192
      size: 2119
    params:
      params.yaml:
        linear_regression:
          model_name: LinearRegression
    outs:
    - path: data/models/LinearRegression_prod.csv
      hash: md5
      md5: 2e94ac6e9e656d0538fde3daf5f70957
      size: 314
    - path: data/models/LinearRegression_prod.joblib
      hash: md5
      md5: 1dd7e0b7b0f9122acaf301805e9c5a5f
      size: 1215
  decision_tree@DecisionTree:
    cmd: python decision_tree.py -id data/prepared -od data/models -bm data/models/LinearRegression_prod.joblib
      -mn DecisionTree -p params.yaml
    deps:
    - path: data/models/LinearRegression_prod.joblib
      hash: md5
      md5: 1dd7e0b7b0f9122acaf301805e9c5a5f
      size: 1215
    - path: data/prepared
      hash: md5
      md5: 11f52c2cc3d154192a2e8bd54410e1eb.dir
      size: 1438110
      nfiles: 8
    - path: decision_tree.py
      hash: md5
      md5: d1cf7ad67d62224492419b39a36e5227
      size: 3505
    params:
      params.yaml:
        decision_tree:
          DecisionTree:
            max_depth:
            - 3
            - 4
            - 5
            - 6
            - 7
            splitter:
            - best
            - random
            min_samples_split:
            - 2
            - 3
            - 4
            min_samples_leaf:
            - 1
            - 2
            - 3
            - 4
          RandomForest:
            n_estimators:
            - 1
            - 2
            - 5
            - 10
            - 15
            max_depth:
            - 3
            - 4
            - 5
            - 6
            - 7
            min_samples_split:
            - 2
            - 3
            - 4
            - 6
            - 7
            min_samples_leaf:
            - 1
            - 2
            - 3
            - 4
          ExtraTree:
            n_estimators:
            - 1
            - 2
            - 5
            - 10
            - 15
            max_depth:
            - 3
            - 4
            - 5
            - 6
            - 7
            min_samples_split:
            - 2
            - 3
            - 4
            - 10
            - 15
            min_samples_leaf:
            - 1
            - 2
            - 3
            - 4
            - 18
            - 48
    outs:
    - path: data/models/DecisionTree.joblib
      hash: md5
      md5: 007decc7ebf40578935c9b5da9df4512
      size: 36655
  decision_tree@RandomForest:
    cmd: python decision_tree.py -id data/prepared -od data/models -bm data/models/LinearRegression_prod.joblib
      -mn RandomForest -p params.yaml
    deps:
    - path: data/models/LinearRegression_prod.joblib
      hash: md5
      md5: 1dd7e0b7b0f9122acaf301805e9c5a5f
      size: 1215
    - path: data/prepared
      hash: md5
      md5: 11f52c2cc3d154192a2e8bd54410e1eb.dir
      size: 1438110
      nfiles: 8
    - path: decision_tree.py
      hash: md5
      md5: d1cf7ad67d62224492419b39a36e5227
      size: 3505
    params:
      params.yaml:
        decision_tree:
          DecisionTree:
            max_depth:
            - 3
            - 4
            - 5
            - 6
            - 7
            splitter:
            - best
            - random
            min_samples_split:
            - 2
            - 3
            - 4
            min_samples_leaf:
            - 1
            - 2
            - 3
            - 4
          RandomForest:
            n_estimators:
            - 1
            - 2
            - 5
            - 10
            - 15
            max_depth:
            - 3
            - 4
            - 5
            - 6
            - 7
            min_samples_split:
            - 2
            - 3
            - 4
            - 6
            - 7
            min_samples_leaf:
            - 1
            - 2
            - 3
            - 4
          ExtraTree:
            n_estimators:
            - 1
            - 2
            - 5
            - 10
            - 15
            max_depth:
            - 3
            - 4
            - 5
            - 6
            - 7
            min_samples_split:
            - 2
            - 3
            - 4
            - 10
            - 15
            min_samples_leaf:
            - 1
            - 2
            - 3
            - 4
            - 18
            - 48
    outs:
    - path: data/models/RandomForest.joblib
      hash: md5
      md5: f1015deabe3cbda3dbed206385f30040
      size: 293871
  decision_tree@ExtraTree:
    cmd: python decision_tree.py -id data/prepared -od data/models -bm data/models/LinearRegression_prod.joblib
      -mn ExtraTree -p params.yaml
    deps:
    - path: data/models/LinearRegression_prod.joblib
      hash: md5
      md5: 1dd7e0b7b0f9122acaf301805e9c5a5f
      size: 1215
    - path: data/prepared
      hash: md5
      md5: 11f52c2cc3d154192a2e8bd54410e1eb.dir
      size: 1438110
      nfiles: 8
    - path: decision_tree.py
      hash: md5
      md5: d1cf7ad67d62224492419b39a36e5227
      size: 3505
    params:
      params.yaml:
        decision_tree:
          DecisionTree:
            max_depth:
            - 3
            - 4
            - 5
            - 6
            - 7
            splitter:
            - best
            - random
            min_samples_split:
            - 2
            - 3
            - 4
            min_samples_leaf:
            - 1
            - 2
            - 3
            - 4
          RandomForest:
            n_estimators:
            - 1
            - 2
            - 5
            - 10
            - 15
            max_depth:
            - 3
            - 4
            - 5
            - 6
            - 7
            min_samples_split:
            - 2
            - 3
            - 4
            - 6
            - 7
            min_samples_leaf:
            - 1
            - 2
            - 3
            - 4
          ExtraTree:
            n_estimators:
            - 1
            - 2
            - 5
            - 10
            - 15
            max_depth:
            - 3
            - 4
            - 5
            - 6
            - 7
            min_samples_split:
            - 2
            - 3
            - 4
            - 10
            - 15
            min_samples_leaf:
            - 1
            - 2
            - 3
            - 4
            - 18
            - 48
    outs:
    - path: data/models/ExtraTree.joblib
      hash: md5
      md5: fabda8e3bb281d23b9019ede98ad556e
      size: 342151
  decision_tree_validation@DecisionTree:
    cmd: python decision_tree_validation.py -id data/prepared/ -im data/models/DecisionTree.joblib
      -bm data/models/LinearRegression_prod.joblib -mn DecisionTree
    deps:
    - path: data/models/DecisionTree.joblib
      hash: md5
      md5: 007decc7ebf40578935c9b5da9df4512
      size: 36655
    - path: data/models/LinearRegression_prod.joblib
      hash: md5
      md5: 1dd7e0b7b0f9122acaf301805e9c5a5f
      size: 1215
    - path: data/prepared/
      hash: md5
      md5: 11f52c2cc3d154192a2e8bd54410e1eb.dir
      size: 1438110
      nfiles: 8
    - path: decision_tree_validation.py
      hash: md5
      md5: a24a5df9903b5e959b2567bff3ba11a3
      size: 2196
    params:
      params.yaml:
        decision_tree:
          DecisionTree:
            max_depth:
            - 3
            - 4
            - 5
            - 6
            - 7
            splitter:
            - best
            - random
            min_samples_split:
            - 2
            - 3
            - 4
            min_samples_leaf:
            - 1
            - 2
            - 3
            - 4
          RandomForest:
            n_estimators:
            - 1
            - 2
            - 5
            - 10
            - 15
            max_depth:
            - 3
            - 4
            - 5
            - 6
            - 7
            min_samples_split:
            - 2
            - 3
            - 4
            - 6
            - 7
            min_samples_leaf:
            - 1
            - 2
            - 3
            - 4
          ExtraTree:
            n_estimators:
            - 1
            - 2
            - 5
            - 10
            - 15
            max_depth:
            - 3
            - 4
            - 5
            - 6
            - 7
            min_samples_split:
            - 2
            - 3
            - 4
            - 10
            - 15
            min_samples_leaf:
            - 1
            - 2
            - 3
            - 4
            - 18
            - 48
  decision_tree_validation@RandomForest:
    cmd: python decision_tree_validation.py -id data/prepared/ -im data/models/RandomForest.joblib
      -bm data/models/LinearRegression_prod.joblib -mn RandomForest
    deps:
    - path: data/models/LinearRegression_prod.joblib
      hash: md5
      md5: 1dd7e0b7b0f9122acaf301805e9c5a5f
      size: 1215
    - path: data/models/RandomForest.joblib
      hash: md5
      md5: f1015deabe3cbda3dbed206385f30040
      size: 293871
    - path: data/prepared/
      hash: md5
      md5: 11f52c2cc3d154192a2e8bd54410e1eb.dir
      size: 1438110
      nfiles: 8
    - path: decision_tree_validation.py
      hash: md5
      md5: a24a5df9903b5e959b2567bff3ba11a3
      size: 2196
    params:
      params.yaml:
        decision_tree:
          DecisionTree:
            max_depth:
            - 3
            - 4
            - 5
            - 6
            - 7
            splitter:
            - best
            - random
            min_samples_split:
            - 2
            - 3
            - 4
            min_samples_leaf:
            - 1
            - 2
            - 3
            - 4
          RandomForest:
            n_estimators:
            - 1
            - 2
            - 5
            - 10
            - 15
            max_depth:
            - 3
            - 4
            - 5
            - 6
            - 7
            min_samples_split:
            - 2
            - 3
            - 4
            - 6
            - 7
            min_samples_leaf:
            - 1
            - 2
            - 3
            - 4
          ExtraTree:
            n_estimators:
            - 1
            - 2
            - 5
            - 10
            - 15
            max_depth:
            - 3
            - 4
            - 5
            - 6
            - 7
            min_samples_split:
            - 2
            - 3
            - 4
            - 10
            - 15
            min_samples_leaf:
            - 1
            - 2
            - 3
            - 4
            - 18
            - 48
  decision_tree_validation@ExtraTree:
    cmd: python decision_tree_validation.py -id data/prepared/ -im data/models/ExtraTree.joblib
      -bm data/models/LinearRegression_prod.joblib -mn ExtraTree
    deps:
    - path: data/models/ExtraTree.joblib
      hash: md5
      md5: fabda8e3bb281d23b9019ede98ad556e
      size: 342151
    - path: data/models/LinearRegression_prod.joblib
      hash: md5
      md5: 1dd7e0b7b0f9122acaf301805e9c5a5f
      size: 1215
    - path: data/prepared/
      hash: md5
      md5: 11f52c2cc3d154192a2e8bd54410e1eb.dir
      size: 1438110
      nfiles: 8
    - path: decision_tree_validation.py
      hash: md5
      md5: a24a5df9903b5e959b2567bff3ba11a3
      size: 2196
    params:
      params.yaml:
        decision_tree:
          DecisionTree:
            max_depth:
            - 3
            - 4
            - 5
            - 6
            - 7
            splitter:
            - best
            - random
            min_samples_split:
            - 2
            - 3
            - 4
            min_samples_leaf:
            - 1
            - 2
            - 3
            - 4
          RandomForest:
            n_estimators:
            - 1
            - 2
            - 5
            - 10
            - 15
            max_depth:
            - 3
            - 4
            - 5
            - 6
            - 7
            min_samples_split:
            - 2
            - 3
            - 4
            - 6
            - 7
            min_samples_leaf:
            - 1
            - 2
            - 3
            - 4
          ExtraTree:
            n_estimators:
            - 1
            - 2
            - 5
            - 10
            - 15
            max_depth:
            - 3
            - 4
            - 5
            - 6
            - 7
            min_samples_split:
            - 2
            - 3
            - 4
            - 10
            - 15
            min_samples_leaf:
            - 1
            - 2
            - 3
            - 4
            - 18
            - 48
  decision_tree_prod_version@DecisionTree:
    cmd: python decision_tree_full.py -id data/prepared/ -od data/models/ -mn DecisionTree
    deps:
    - path: data/models/DecisionTree.joblib
      hash: md5
      md5: 007decc7ebf40578935c9b5da9df4512
      size: 36655
    - path: data/prepared
      hash: md5
      md5: 11f52c2cc3d154192a2e8bd54410e1eb.dir
      size: 1438110
      nfiles: 8
    - path: decision_tree_full.py
      hash: md5
      md5: 153dec7facec408940a6f8cf71d97375
      size: 2818
    params:
      params.yaml:
        decision_tree:
          DecisionTree:
            max_depth:
            - 3
            - 4
            - 5
            - 6
            - 7
            splitter:
            - best
            - random
            min_samples_split:
            - 2
            - 3
            - 4
            min_samples_leaf:
            - 1
            - 2
            - 3
            - 4
          RandomForest:
            n_estimators:
            - 1
            - 2
            - 5
            - 10
            - 15
            max_depth:
            - 3
            - 4
            - 5
            - 6
            - 7
            min_samples_split:
            - 2
            - 3
            - 4
            - 6
            - 7
            min_samples_leaf:
            - 1
            - 2
            - 3
            - 4
          ExtraTree:
            n_estimators:
            - 1
            - 2
            - 5
            - 10
            - 15
            max_depth:
            - 3
            - 4
            - 5
            - 6
            - 7
            min_samples_split:
            - 2
            - 3
            - 4
            - 10
            - 15
            min_samples_leaf:
            - 1
            - 2
            - 3
            - 4
            - 18
            - 48
    outs:
    - path: data/models/DecisionTree_prod.joblib
      hash: md5
      md5: f3c57c2a6de829b8958601d5ffc75452
      size: 19697
  decision_tree_prod_version@RandomForest:
    cmd: python decision_tree_full.py -id data/prepared/ -od data/models/ -mn RandomForest
    deps:
    - path: data/models/RandomForest.joblib
      hash: md5
      md5: f1015deabe3cbda3dbed206385f30040
      size: 293871
    - path: data/prepared
      hash: md5
      md5: 11f52c2cc3d154192a2e8bd54410e1eb.dir
      size: 1438110
      nfiles: 8
    - path: decision_tree_full.py
      hash: md5
      md5: 153dec7facec408940a6f8cf71d97375
      size: 2818
    params:
      params.yaml:
        decision_tree:
          DecisionTree:
            max_depth:
            - 3
            - 4
            - 5
            - 6
            - 7
            splitter:
            - best
            - random
            min_samples_split:
            - 2
            - 3
            - 4
            min_samples_leaf:
            - 1
            - 2
            - 3
            - 4
          RandomForest:
            n_estimators:
            - 1
            - 2
            - 5
            - 10
            - 15
            max_depth:
            - 3
            - 4
            - 5
            - 6
            - 7
            min_samples_split:
            - 2
            - 3
            - 4
            - 6
            - 7
            min_samples_leaf:
            - 1
            - 2
            - 3
            - 4
          ExtraTree:
            n_estimators:
            - 1
            - 2
            - 5
            - 10
            - 15
            max_depth:
            - 3
            - 4
            - 5
            - 6
            - 7
            min_samples_split:
            - 2
            - 3
            - 4
            - 10
            - 15
            min_samples_leaf:
            - 1
            - 2
            - 3
            - 4
            - 18
            - 48
    outs:
    - path: data/models/RandomForest_prod.joblib
      hash: md5
      md5: 0c535cf0292f64397496dfa0b22bf469
      size: 241953
  decision_tree_prod_version@ExtraTree:
    cmd: python decision_tree_full.py -id data/prepared/ -od data/models/ -mn ExtraTree
    deps:
    - path: data/models/ExtraTree.joblib
      hash: md5
      md5: fabda8e3bb281d23b9019ede98ad556e
      size: 342151
    - path: data/prepared
      hash: md5
      md5: 11f52c2cc3d154192a2e8bd54410e1eb.dir
      size: 1438110
      nfiles: 8
    - path: decision_tree_full.py
      hash: md5
      md5: 153dec7facec408940a6f8cf71d97375
      size: 2818
    params:
      params.yaml:
        decision_tree:
          DecisionTree:
            max_depth:
            - 3
            - 4
            - 5
            - 6
            - 7
            splitter:
            - best
            - random
            min_samples_split:
            - 2
            - 3
            - 4
            min_samples_leaf:
            - 1
            - 2
            - 3
            - 4
          RandomForest:
            n_estimators:
            - 1
            - 2
            - 5
            - 10
            - 15
            max_depth:
            - 3
            - 4
            - 5
            - 6
            - 7
            min_samples_split:
            - 2
            - 3
            - 4
            - 6
            - 7
            min_samples_leaf:
            - 1
            - 2
            - 3
            - 4
          ExtraTree:
            n_estimators:
            - 1
            - 2
            - 5
            - 10
            - 15
            max_depth:
            - 3
            - 4
            - 5
            - 6
            - 7
            min_samples_split:
            - 2
            - 3
            - 4
            - 10
            - 15
            min_samples_leaf:
            - 1
            - 2
            - 3
            - 4
            - 18
            - 48
    outs:
    - path: data/models/ExtraTree_prod.joblib
      hash: md5
      md5: 75236e821cc55585701065f4bf0fa873
      size: 259105
  cat_boosting:
    cmd: python cat_boost.py -id data/prepared/ -od data/models -bm data/models/LinearRegression_prod.joblib
      -mn CatBoostRegressor
    deps:
    - path: cat_boost.py
      hash: md5
      md5: 7170343b29db97c9a5f262355a754718
      size: 3663
    - path: data/prepared
      hash: md5
      md5: d9416719ab43785af90ae8f057ce686f.dir
      size: 324604
      nfiles: 8
    params:
      params.yaml:
        cat_boosting:
          model_name: CatBoostRegressor
    outs:
    - path: data/models/CatBoostRegressor.joblib
      hash: md5
      md5: 215577be72a32267abebce6967b7536b
      size: 1103807
  cat_boost:
    cmd: python cat_boost.py -id data/prepared/ -od data/models -bm data/models/LinearRegression_prod.joblib
      -mn CatBoostRegressor
    deps:
    - path: cat_boost.py
      hash: md5
      md5: 0e87e28a6d7eb750063477b16b6e0436
      size: 2923
    - path: data/prepared
      hash: md5
      md5: 11f52c2cc3d154192a2e8bd54410e1eb.dir
      size: 1438110
      nfiles: 8
    params:
      params.yaml:
        cat_boost:
          model_name: CatBoostRegressor
          CatBoostRegressor:
            depth:
            - 4
            - 6
            - 8
            learning_rate:
            - 0.01
            - 0.05
            - 0.1
            iterations:
            - 30
            - 50
            - 100
            - 200
    outs:
    - path: data/models/CatBoostRegressor.joblib
      hash: md5
      md5: 81ff799214c4f77e2942b6cbda48144d
      size: 233942
  cat_boost_validation:
    cmd: python cat_boost_validation.py -id data/prepared/ -im data/models/CatBoostRegressor.joblib
      -bm data/models/LinearRegression_prod.joblib -mn CatBoostRegressor
    deps:
    - path: cat_boost_validation.py
      hash: md5
      md5: 984788b72e1a20bb6921e26cbab4140d
      size: 2114
    - path: data/models/CatBoostRegressor.joblib
      hash: md5
      md5: 81ff799214c4f77e2942b6cbda48144d
      size: 233942
    - path: data/models/LinearRegression_prod.joblib
      hash: md5
      md5: 1dd7e0b7b0f9122acaf301805e9c5a5f
      size: 1215
    - path: data/prepared/
      hash: md5
      md5: 11f52c2cc3d154192a2e8bd54410e1eb.dir
      size: 1438110
      nfiles: 8
    params:
      params.yaml:
        cat_boost:
          model_name: CatBoostRegressor
          CatBoostRegressor:
            depth:
            - 4
            - 6
            - 8
            learning_rate:
            - 0.01
            - 0.05
            - 0.1
            iterations:
            - 30
            - 50
            - 100
            - 200
  cat_boost_prod_version:
    cmd: python cat_boost_full.py -id data/prepared/ -od data/models/ -mn CatBoostRegressor
    deps:
    - path: cat_boost_full.py
      hash: md5
      md5: a974c6aa0589d3387f89a6c741b9ce6b
      size: 2658
    - path: data/models/CatBoostRegressor.joblib
      hash: md5
      md5: 81ff799214c4f77e2942b6cbda48144d
      size: 233942
    - path: data/prepared
      hash: md5
      md5: 11f52c2cc3d154192a2e8bd54410e1eb.dir
      size: 1438110
      nfiles: 8
    params:
      params.yaml:
        cat_boost:
          model_name: CatBoostRegressor
          CatBoostRegressor:
            depth:
            - 4
            - 6
            - 8
            learning_rate:
            - 0.01
            - 0.05
            - 0.1
            iterations:
            - 30
            - 50
            - 100
            - 200
    outs:
    - path: data/models/CatBoostRegressor_prod.joblib
      hash: md5
      md5: 7364904881949a6f33c1f5ddf8b0250a
      size: 231037
  neural_net:
    cmd: python neural_net.py -id data/prepared/ -od data/models -bm data/models/LinearRegression_prod.joblib
      -mn NeuralNet
    deps:
    - path: data/prepared
      hash: md5
      md5: 11f52c2cc3d154192a2e8bd54410e1eb.dir
      size: 1438110
      nfiles: 8
    - path: neural_net.py
      hash: md5
      md5: 5bbc1b173584a63f20ab94e3df4b2fbb
      size: 12498
    params:
      params.yaml:
        neural_net:
          model_name: NeuralNet
          NeuralNet:
            INPUT_DENSE: 12
            NEURONS_CNT_D1: 64
            NEURONS_CNT_D2: 64
            BATCH_SIZE: 128
            BUFFER_SIZE: 512
            LEARNING_RATE: 0.002
            EPOCHS: 5000
    outs:
    - path: data/models/NeuralNet.keras
      hash: md5
      md5: 6c06c22e02b6bc6cde5bf00cd1529d67
      size: 38449
  neural_net_validation:
    cmd: python neural_net_validation.py -id data/prepared/ -im data/models/NeuralNet.keras
      -bm data/models/LinearRegression_prod.joblib -mn NeuralNet
    deps:
    - path: data/models/LinearRegression_prod.joblib
      hash: md5
      md5: 1dd7e0b7b0f9122acaf301805e9c5a5f
      size: 1215
    - path: data/models/NeuralNet.keras
      hash: md5
      md5: 6c06c22e02b6bc6cde5bf00cd1529d67
      size: 38449
    - path: data/prepared/
      hash: md5
      md5: 11f52c2cc3d154192a2e8bd54410e1eb.dir
      size: 1438110
      nfiles: 8
    - path: neural_net_validation.py
      hash: md5
      md5: f84f81499d94b4e9108f9119aa376be2
      size: 5667
    params:
      params.yaml:
        neural_net:
          model_name: NeuralNet
          NeuralNet:
            INPUT_DENSE: 12
            NEURONS_CNT_D1: 64
            NEURONS_CNT_D2: 64
            BATCH_SIZE: 128
            BUFFER_SIZE: 512
            LEARNING_RATE: 0.002
            EPOCHS: 5000
  neural_net_prod_version:
    cmd: python neural_net_full.py -id data/prepared/ -od data/models/ -mn NeuralNet
    deps:
    - path: data/models/NeuralNet.keras
      hash: md5
      md5: 6c06c22e02b6bc6cde5bf00cd1529d67
      size: 38449
    - path: data/prepared
      hash: md5
      md5: 11f52c2cc3d154192a2e8bd54410e1eb.dir
      size: 1438110
      nfiles: 8
    - path: neural_net_full.py
      hash: md5
      md5: bde637634f05e683f686449f112b3501
      size: 8787
    params:
      params.yaml:
        neural_net:
          model_name: NeuralNet
          NeuralNet:
            INPUT_DENSE: 12
            NEURONS_CNT_D1: 64
            NEURONS_CNT_D2: 64
            BATCH_SIZE: 128
            BUFFER_SIZE: 512
            LEARNING_RATE: 0.002
            EPOCHS: 5000
    outs:
    - path: data/models/NeuralNet_prod.keras
      hash: md5
      md5: 3bed17a283b73592d6ee3f049a18bfd2
      size: 38449
