schema: '2.0'
stages:
  preprocess:
    cmd: python scripts/preprocess.py --input raw/insurance.csv --output data/cleaned_data.csv
    deps:
    - path: raw/insurance.csv
      hash: md5
      md5: 6bf21e7594c412233b0fe6d6641b3e69
      size: 50514
    - path: scripts/preprocess.py
      hash: md5
      md5: 69368a7005c91f0fc5259e858cc71502
      size: 2279
    outs:
    - path: data/cleaned_data.csv
      hash: md5
      md5: 076a8ffbe97de8ba1bf4849036d9e5dd
      size: 44472
  eda:
    cmd: python scripts/eda.py --input data/cleaned_data.csv
    deps:
    - path: data/cleaned_data.csv
      hash: md5
      md5: d3b7c4cd8509fa7700709c414807a77b
      size: 38444
    - path: scripts/eda.py
      hash: md5
      md5: 1a47d5a78309b5db97a2762e444ef0d7
      size: 2735
  train_reg:
    cmd: python scripts/train_regression.py --input data/cleaned_data.csv --output
      models/model_reg.pkl
    deps:
    - path: data/cleaned_data.csv
      hash: md5
      md5: 076a8ffbe97de8ba1bf4849036d9e5dd
      size: 44472
    - path: scripts/train_regression.py
      hash: md5
      md5: 2f347c3102d76301546f01bf699d3060
      size: 3979
    outs:
    - path: models/model_reg.pkl
      hash: md5
      md5: 46ba8ecd15beab92f6a23401cffdb28e
      size: 1092679
  train_clf:
    cmd: python scripts/train_classification.py --input data/cleaned_data.csv --output
      models/model_clf.pkl
    deps:
    - path: data/cleaned_data.csv
      hash: md5
      md5: 076a8ffbe97de8ba1bf4849036d9e5dd
      size: 44472
    - path: scripts/train_classification.py
      hash: md5
      md5: 525928be218d054930e604cae6809fcc
      size: 3706
    outs:
    - path: models/model_clf.pkl
      hash: md5
      md5: c5f17d757d7889f024f380f7e2f2609c
      size: 1110385
  data_preparation:
    cmd: python scripts/preprocess.py --input raw/insurance.csv --output data/cleaned_data.csv
      --max_charges 18000 --invalid_keywords 1639
    deps:
    - path: raw/insurance.csv
      hash: md5
      md5: 6bf21e7594c412233b0fe6d6641b3e69
      size: 50514
    - path: scripts/preprocess.py
      hash: md5
      md5: 5388145c8e21b936e84ff07df4218de9
      size: 3283
    outs:
    - path: data/cleaned_data.csv
      hash: md5
      md5: d3b7c4cd8509fa7700709c414807a77b
      size: 38444
  train_linear:
    cmd: python scripts/train_linear.py --input data/cleaned_data.csv --output models/linear_model.pkl
    deps:
    - path: data/cleaned_data.csv
      hash: md5
      md5: d3b7c4cd8509fa7700709c414807a77b
      size: 38444
    - path: scripts/train_linear.py
      hash: md5
      md5: 33ef4e009332086a6c8afd1bf83a6b03
      size: 3780
    outs:
    - path: models/linear_model.pkl
      hash: md5
      md5: 17dc480f55b022bee4fde600ea9501db
      size: 1136
  train_linear_validation:
    cmd: python scripts/train_linear_validation.py --model models/linear_model.pkl
      --input data/cleaned_data.csv
    deps:
    - path: data/cleaned_data.csv
      hash: md5
      md5: d3b7c4cd8509fa7700709c414807a77b
      size: 38444
    - path: models/linear_model.pkl
      hash: md5
      md5: 17dc480f55b022bee4fde600ea9501db
      size: 1136
    - path: scripts/train_linear_validation.py
      hash: md5
      md5: 151fe329ba028ebbdd35f45123948305
      size: 1760
  train_linear_prod:
    cmd: python scripts/train_linear_prod.py --src_model models/linear_model.pkl --prod_model
      models/prod/linear_model.pkl
    deps:
    - path: models/linear_model.pkl
      hash: md5
      md5: 17dc480f55b022bee4fde600ea9501db
      size: 1136
    - path: scripts/train_linear_prod.py
      hash: md5
      md5: 20af0ad8fca0ce3fa6d7ecbcdda49f91
      size: 583
    outs:
    - path: models/prod/linear_model.pkl
      hash: md5
      md5: 17dc480f55b022bee4fde600ea9501db
      size: 1136
  train_decision_tree:
    cmd: python scripts/train_decision_tree.py --input data/cleaned_data.csv --out_model
      models/decision_tree.pkl
    deps:
    - path: data/cleaned_data.csv
      hash: md5
      md5: d3b7c4cd8509fa7700709c414807a77b
      size: 38444
    - path: scripts/train_decision_tree.py
      hash: md5
      md5: 21536ab131ba6b56ee4f666f2846653d
      size: 4156
    outs:
    - path: models/decision_tree.pkl
      hash: md5
      md5: c738d5ecbc7b34ef21ae7cba8a29c4c3
      size: 111425
  train_catboost:
    cmd: python scripts/train_catboost.py --input data/cleaned_data.csv --model_path
      models/cat_boost.pkl
    deps:
    - path: data/cleaned_data.csv
      hash: md5
      md5: d3b7c4cd8509fa7700709c414807a77b
      size: 38444
    - path: scripts/train_catboost.py
      hash: md5
      md5: 2ebcc9c7d5c828a8fe6419d0b085011b
      size: 3583
    outs:
    - path: models/cat_boost.pkl
      hash: md5
      md5: f9b33d3fa7e868febaf9a99a77e89a12
      size: 1078038
  train_mlp:
    cmd: python scripts/train_mlp.py --input data/cleaned_data.csv --model_path models/mlp.pkl
    deps:
    - path: data/cleaned_data.csv
      hash: md5
      md5: d3b7c4cd8509fa7700709c414807a77b
      size: 38444
    - path: scripts/train_mlp.py
      hash: md5
      md5: 5091a0c6f07a9b55c1de5d4dea553b6f
      size: 6757
    outs:
    - path: models/mlp.pkl
      hash: md5
      md5: 56703879904a10185b52b67c8d46d5b0
      size: 1065375
