schema: '2.0'
stages:
  preprocess:
    cmd: python scripts/preprocess.py --input raw/insurance.csv --output data/cleaned_data.csv
    deps:
    - path: raw/insurance.csv
      hash: md5
      md5: 6bf21e7594c412233b0fe6d6641b3e69
      size: 50514
    - path: scripts/preprocess.py
      hash: md5
      md5: 69368a7005c91f0fc5259e858cc71502
      size: 2279
    outs:
    - path: data/cleaned_data.csv
      hash: md5
      md5: 076a8ffbe97de8ba1bf4849036d9e5dd
      size: 44472
  eda:
    cmd: python scripts/eda.py --input data/cleaned_data.csv
    deps:
    - path: data/cleaned_data.csv
      hash: md5
      md5: d3b7c4cd8509fa7700709c414807a77b
      size: 38444
    - path: scripts/eda.py
      hash: md5
      md5: 5b310ad4d65d791aa4ed9e7a6eb1005d
      size: 2220
  train_reg:
    cmd: python scripts/train_regression.py --input data/cleaned_data.csv --output
      models/model_reg.pkl
    deps:
    - path: data/cleaned_data.csv
      hash: md5
      md5: 076a8ffbe97de8ba1bf4849036d9e5dd
      size: 44472
    - path: scripts/train_regression.py
      hash: md5
      md5: 2f347c3102d76301546f01bf699d3060
      size: 3979
    outs:
    - path: models/model_reg.pkl
      hash: md5
      md5: 46ba8ecd15beab92f6a23401cffdb28e
      size: 1092679
  train_clf:
    cmd: python scripts/train_classification.py --input data/cleaned_data.csv --output
      models/model_clf.pkl
    deps:
    - path: data/cleaned_data.csv
      hash: md5
      md5: 076a8ffbe97de8ba1bf4849036d9e5dd
      size: 44472
    - path: scripts/train_classification.py
      hash: md5
      md5: 525928be218d054930e604cae6809fcc
      size: 3706
    outs:
    - path: models/model_clf.pkl
      hash: md5
      md5: c5f17d757d7889f024f380f7e2f2609c
      size: 1110385
  data_preparation:
    cmd: python scripts/preprocess.py --input raw/insurance.csv --output data/cleaned_data.csv
      --max_charges 18000
    deps:
    - path: raw/insurance.csv
      hash: md5
      md5: 6bf21e7594c412233b0fe6d6641b3e69
      size: 50514
    - path: scripts/preprocess.py
      hash: md5
      md5: 388792f32fac6a6fa89f57dee6f6c48f
      size: 2684
    outs:
    - path: data/cleaned_data.csv
      hash: md5
      md5: d3b7c4cd8509fa7700709c414807a77b
      size: 38444
  train_linear:
    cmd: python scripts/train_linear.py --input data/cleaned_data.csv --output models/linear_model.pkl
    deps:
    - path: data/cleaned_data.csv
      hash: md5
      md5: d3b7c4cd8509fa7700709c414807a77b
      size: 38444
    - path: scripts/train_linear.py
      hash: md5
      md5: 45f9bd92673167d9ccd46b00b85cd4e3
      size: 2508
    outs:
    - path: models/linear_model.pkl
      hash: md5
      md5: 17dc480f55b022bee4fde600ea9501db
      size: 1136
  train_linear_validation:
    cmd: python scripts/train_linear_validation.py --model models/linear_model.pkl
      --input data/cleaned_data.csv
    deps:
    - path: data/cleaned_data.csv
      hash: md5
      md5: d3b7c4cd8509fa7700709c414807a77b
      size: 38444
    - path: models/linear_model.pkl
      hash: md5
      md5: 17dc480f55b022bee4fde600ea9501db
      size: 1136
    - path: scripts/train_linear_validation.py
      hash: md5
      md5: 151fe329ba028ebbdd35f45123948305
      size: 1760
  train_linear_prod:
    cmd: python scripts/train_linear_prod.py --src_model models/linear_model.pkl --prod_model
      models/prod/linear_model.pkl
    deps:
    - path: models/linear_model.pkl
      hash: md5
      md5: 17dc480f55b022bee4fde600ea9501db
      size: 1136
    - path: scripts/train_linear_prod.py
      hash: md5
      md5: 20af0ad8fca0ce3fa6d7ecbcdda49f91
      size: 583
    outs:
    - path: models/prod/linear_model.pkl
      hash: md5
      md5: 17dc480f55b022bee4fde600ea9501db
      size: 1136
  train_decision_tree:
    cmd: python scripts/train_decision_tree.py --input data/cleaned_data.csv --out_model
      models/decision_tree.pkl
    deps:
    - path: data/cleaned_data.csv
      hash: md5
      md5: d3b7c4cd8509fa7700709c414807a77b
      size: 38444
    - path: scripts/train_decision_tree.py
      hash: md5
      md5: e786ed6d88b03bafd475a15c654080c1
      size: 2739
    outs:
    - path: models/decision_tree.pkl
      hash: md5
      md5: c738d5ecbc7b34ef21ae7cba8a29c4c3
      size: 111425
  train_catboost:
    cmd: python scripts/train_catboost.py --input data/cleaned_data.csv --model_path
      models/cat_boost.pkl
    deps:
    - path: data/cleaned_data.csv
      hash: md5
      md5: d3b7c4cd8509fa7700709c414807a77b
      size: 38444
    - path: scripts/train_catboost.py
      hash: md5
      md5: 6f9ffa10eacc2a089eb46c971107ad4a
      size: 2719
    outs:
    - path: models/cat_boost.pkl
      hash: md5
      md5: 595b555ef2114dd99be3c07963f648df
      size: 1086679
  train_mlp:
    cmd: python scripts/train_mlp.py --input data/cleaned_data.csv --model_path models/mlp.pkl
    deps:
    - path: data/cleaned_data.csv
      hash: md5
      md5: d3b7c4cd8509fa7700709c414807a77b
      size: 38444
    - path: scripts/train_mlp.py
      hash: md5
      md5: 5091a0c6f07a9b55c1de5d4dea553b6f
      size: 6757
    outs:
    - path: models/mlp.pkl
      hash: md5
      md5: 56703879904a10185b52b67c8d46d5b0
      size: 1065375
